// !$*UTF8*$!
{
	archiveVersion = 1;
	classes = {
	};
	objectVersion = 50;
	objects = {

/* Begin PBXBuildFile section */
		892B56A62258291900230311 /* Cartfile in Resources */ = {isa = PBXBuildFile; fileRef = 892B56A52258291900230311 /* Cartfile */; };
		892B56A922582F4900230311 /* Prelude.framework in Frameworks */ = {isa = PBXBuildFile; fileRef = 892B56A822582F4900230311 /* Prelude.framework */; };
		89EF06EB22482BF20048D4CC /* AppDelegate.swift in Sources */ = {isa = PBXBuildFile; fileRef = 89EF06EA22482BF20048D4CC /* AppDelegate.swift */; };
		89EF06ED22482BF20048D4CC /* FirstViewController.swift in Sources */ = {isa = PBXBuildFile; fileRef = 89EF06EC22482BF20048D4CC /* FirstViewController.swift */; };
		89EF06EF22482BF20048D4CC /* SecondViewController.swift in Sources */ = {isa = PBXBuildFile; fileRef = 89EF06EE22482BF20048D4CC /* SecondViewController.swift */; };
		89EF06F222482BF20048D4CC /* Main.storyboard in Resources */ = {isa = PBXBuildFile; fileRef = 89EF06F022482BF20048D4CC /* Main.storyboard */; };
		89EF06F422482BF50048D4CC /* Assets.xcassets in Resources */ = {isa = PBXBuildFile; fileRef = 89EF06F322482BF50048D4CC /* Assets.xcassets */; };
		89EF06F722482BF50048D4CC /* LaunchScreen.storyboard in Resources */ = {isa = PBXBuildFile; fileRef = 89EF06F522482BF50048D4CC /* LaunchScreen.storyboard */; };
		89EF06FF22482D850048D4CC /* Board.swift in Sources */ = {isa = PBXBuildFile; fileRef = 89EF06FE22482D850048D4CC /* Board.swift */; };
/* End PBXBuildFile section */

/* Begin PBXFileReference section */
		892B56A52258291900230311 /* Cartfile */ = {isa = PBXFileReference; lastKnownFileType = text; path = Cartfile; sourceTree = SOURCE_ROOT; };
		892B56A822582F4900230311 /* Prelude.framework */ = {isa = PBXFileReference; lastKnownFileType = wrapper.framework; name = Prelude.framework; path = Carthage/Build/iOS/Prelude.framework; sourceTree = "<group>"; };
		89EF06E722482BF20048D4CC /* LiveChessViewer.app */ = {isa = PBXFileReference; explicitFileType = wrapper.application; includeInIndex = 0; path = LiveChessViewer.app; sourceTree = BUILT_PRODUCTS_DIR; };
		89EF06EA22482BF20048D4CC /* AppDelegate.swift */ = {isa = PBXFileReference; lastKnownFileType = sourcecode.swift; path = AppDelegate.swift; sourceTree = "<group>"; };
		89EF06EC22482BF20048D4CC /* FirstViewController.swift */ = {isa = PBXFileReference; lastKnownFileType = sourcecode.swift; path = FirstViewController.swift; sourceTree = "<group>"; };
		89EF06EE22482BF20048D4CC /* SecondViewController.swift */ = {isa = PBXFileReference; lastKnownFileType = sourcecode.swift; path = SecondViewController.swift; sourceTree = "<group>"; };
		89EF06F122482BF20048D4CC /* Base */ = {isa = PBXFileReference; lastKnownFileType = file.storyboard; name = Base; path = Base.lproj/Main.storyboard; sourceTree = "<group>"; };
		89EF06F322482BF50048D4CC /* Assets.xcassets */ = {isa = PBXFileReference; lastKnownFileType = folder.assetcatalog; path = Assets.xcassets; sourceTree = "<group>"; };
		89EF06F622482BF50048D4CC /* Base */ = {isa = PBXFileReference; lastKnownFileType = file.storyboard; name = Base; path = Base.lproj/LaunchScreen.storyboard; sourceTree = "<group>"; };
		89EF06F822482BF50048D4CC /* Info.plist */ = {isa = PBXFileReference; lastKnownFileType = text.plist.xml; path = Info.plist; sourceTree = "<group>"; };
		89EF06FE22482D850048D4CC /* Board.swift */ = {isa = PBXFileReference; lastKnownFileType = sourcecode.swift; path = Board.swift; sourceTree = "<group>"; };
/* End PBXFileReference section */

/* Begin PBXFrameworksBuildPhase section */
		89EF06E422482BF20048D4CC /* Frameworks */ = {
			isa = PBXFrameworksBuildPhase;
			buildActionMask = 2147483647;
			files = (
				892B56A922582F4900230311 /* Prelude.framework in Frameworks */,
			);
			runOnlyForDeploymentPostprocessing = 0;
		};
/* End PBXFrameworksBuildPhase section */

/* Begin PBXGroup section */
		892B56A4225828F400230311 /* Tooling */ = {
			isa = PBXGroup;
			children = (
				892B56A52258291900230311 /* Cartfile */,
			);
			path = Tooling;
			sourceTree = "<group>";
		};
		892B56A722582F4900230311 /* Frameworks */ = {
			isa = PBXGroup;
			children = (
				892B56A822582F4900230311 /* Prelude.framework */,
			);
			name = Frameworks;
			sourceTree = "<group>";
		};
		89EF06DE22482BF20048D4CC = {
			isa = PBXGroup;
			children = (
				89EF06E922482BF20048D4CC /* LiveChessViewer */,
				89EF06E822482BF20048D4CC /* Products */,
				892B56A4225828F400230311 /* Tooling */,
				892B56A722582F4900230311 /* Frameworks */,
			);
			sourceTree = "<group>";
		};
		89EF06E822482BF20048D4CC /* Products */ = {
			isa = PBXGroup;
			children = (
				89EF06E722482BF20048D4CC /* LiveChessViewer.app */,
			);
			name = Products;
			sourceTree = "<group>";
		};
		89EF06E922482BF20048D4CC /* LiveChessViewer */ = {
			isa = PBXGroup;
			children = (
				89EF06EA22482BF20048D4CC /* AppDelegate.swift */,
				89EF06EC22482BF20048D4CC /* FirstViewController.swift */,
				89EF06EE22482BF20048D4CC /* SecondViewController.swift */,
				89EF06FE22482D850048D4CC /* Board.swift */,
				89EF06F022482BF20048D4CC /* Main.storyboard */,
				89EF06F322482BF50048D4CC /* Assets.xcassets */,
				89EF06F522482BF50048D4CC /* LaunchScreen.storyboard */,
				89EF06F822482BF50048D4CC /* Info.plist */,
			);
			path = LiveChessViewer;
			sourceTree = "<group>";
		};
/* End PBXGroup section */

/* Begin PBXNativeTarget section */
		89EF06E622482BF20048D4CC /* LiveChessViewer */ = {
			isa = PBXNativeTarget;
			buildConfigurationList = 89EF06FB22482BF50048D4CC /* Build configuration list for PBXNativeTarget "LiveChessViewer" */;
			buildPhases = (
				89EF06E322482BF20048D4CC /* Sources */,
				89EF06E422482BF20048D4CC /* Frameworks */,
				89EF06E522482BF20048D4CC /* Resources */,
				892B56AA22582F5F00230311 /* ShellScript */,
			);
			buildRules = (
			);
			dependencies = (
			);
			name = LiveChessViewer;
			productName = LiveChessViewer;
			productReference = 89EF06E722482BF20048D4CC /* LiveChessViewer.app */;
			productType = "com.apple.product-type.application";
		};
/* End PBXNativeTarget section */

/* Begin PBXProject section */
		89EF06DF22482BF20048D4CC /* Project object */ = {
			isa = PBXProject;
			attributes = {
				LastSwiftUpdateCheck = 1010;
				LastUpgradeCheck = 1010;
				ORGANIZATIONNAME = "David Alkire";
				TargetAttributes = {
					89EF06E622482BF20048D4CC = {
						CreatedOnToolsVersion = 10.1;
					};
				};
			};
			buildConfigurationList = 89EF06E222482BF20048D4CC /* Build configuration list for PBXProject "LiveChessViewer" */;
			compatibilityVersion = "Xcode 9.3";
			developmentRegion = en;
			hasScannedForEncodings = 0;
			knownRegions = (
				en,
				Base,
			);
			mainGroup = 89EF06DE22482BF20048D4CC;
			productRefGroup = 89EF06E822482BF20048D4CC /* Products */;
			projectDirPath = "";
			projectRoot = "";
			targets = (
				89EF06E622482BF20048D4CC /* LiveChessViewer */,
			);
		};
/* End PBXProject section */

/* Begin PBXResourcesBuildPhase section */
		89EF06E522482BF20048D4CC /* Resources */ = {
			isa = PBXResourcesBuildPhase;
			buildActionMask = 2147483647;
			files = (
				89EF06F722482BF50048D4CC /* LaunchScreen.storyboard in Resources */,
				89EF06F422482BF50048D4CC /* Assets.xcassets in Resources */,
				892B56A62258291900230311 /* Cartfile in Resources */,
				89EF06F222482BF20048D4CC /* Main.storyboard in Resources */,
			);
			runOnlyForDeploymentPostprocessing = 0;
		};
/* End PBXResourcesBuildPhase section */

/* Begin PBXShellScriptBuildPhase section */
		892B56AA22582F5F00230311 /* ShellScript */ = {
			isa = PBXShellScriptBuildPhase;
			buildActionMask = 2147483647;
			files = (
			);
			inputFileListPaths = (
			);
			inputPaths = (
				"$(SRCROOT)/Carthage/Build/iOS/Prelude.framework",
			);
			outputFileListPaths = (
			);
			outputPaths = (
				"$(DERIVED_FILE_DIR)/$(FRAMEWORKS_FOLDER_PATH)/Prelude.framework",
			);
			runOnlyForDeploymentPostprocessing = 0;
			shellPath = /bin/sh;
			shellScript = "/usr/local/bin/carthage copy-frameworks\n";
		};
/* End PBXShellScriptBuildPhase section */

/* Begin PBXSourcesBuildPhase section */
		89EF06E322482BF20048D4CC /* Sources */ = {
			isa = PBXSourcesBuildPhase;
			buildActionMask = 2147483647;
			files = (
				89EF06EF22482BF20048D4CC /* SecondViewController.swift in Sources */,
				89EF06EB22482BF20048D4CC /* AppDelegate.swift in Sources */,
				89EF06FF22482D850048D4CC /* Board.swift in Sources */,
				89EF06ED22482BF20048D4CC /* FirstViewController.swift in Sources */,
			);
			runOnlyForDeploymentPostprocessing = 0;
		};
/* End PBXSourcesBuildPhase section */

/* Begin PBXVariantGroup section */
		89EF06F022482BF20048D4CC /* Main.storyboard */ = {
			isa = PBXVariantGroup;
			children = (
				89EF06F122482BF20048D4CC /* Base */,
			);
			name = Main.storyboard;
			sourceTree = "<group>";
		};
		89EF06F522482BF50048D4CC /* LaunchScreen.storyboard */ = {
			isa = PBXVariantGroup;
			children = (
				89EF06F622482BF50048D4CC /* Base */,
			);
			name = LaunchScreen.storyboard;
			sourceTree = "<group>";
		};
/* End PBXVariantGroup section */

/* Begin XCBuildConfiguration section */
		89EF06F922482BF50048D4CC /* Debug */ = {
			isa = XCBuildConfiguration;
			buildSettings = {
				ALWAYS_SEARCH_USER_PATHS = NO;
				CLANG_ANALYZER_NONNULL = YES;
				CLANG_ANALYZER_NUMBER_OBJECT_CONVERSION = YES_AGGRESSIVE;
				CLANG_CXX_LANGUAGE_STANDARD = "gnu++14";
				CLANG_CXX_LIBRARY = "libc++";
				CLANG_ENABLE_MODULES = YES;
				CLANG_ENABLE_OBJC_ARC = YES;
				CLANG_ENABLE_OBJC_WEAK = YES;
				CLANG_WARN_BLOCK_CAPTURE_AUTORELEASING = YES;
				CLANG_WARN_BOOL_CONVERSION = YES;
				CLANG_WARN_COMMA = YES;
				CLANG_WARN_CONSTANT_CONVERSION = YES;
				CLANG_WARN_DEPRECATED_OBJC_IMPLEMENTATIONS = YES;
				CLANG_WARN_DIRECT_OBJC_ISA_USAGE = YES_ERROR;
				CLANG_WARN_DOCUMENTATION_COMMENTS = YES;
				CLANG_WARN_EMPTY_BODY = YES;
				CLANG_WARN_ENUM_CONVERSION = YES;
				CLANG_WARN_INFINITE_RECURSION = YES;
				CLANG_WARN_INT_CONVERSION = YES;
				CLANG_WARN_NON_LITERAL_NULL_CONVERSION = YES;
				CLANG_WARN_OBJC_IMPLICIT_RETAIN_SELF = YES;
				CLANG_WARN_OBJC_LITERAL_CONVERSION = YES;
				CLANG_WARN_OBJC_ROOT_CLASS = YES_ERROR;
				CLANG_WARN_RANGE_LOOP_ANALYSIS = YES;
				CLANG_WARN_STRICT_PROTOTYPES = YES;
				CLANG_WARN_SUSPICIOUS_MOVE = YES;
				CLANG_WARN_UNGUARDED_AVAILABILITY = YES_AGGRESSIVE;
				CLANG_WARN_UNREACHABLE_CODE = YES;
				CLANG_WARN__DUPLICATE_METHOD_MATCH = YES;
				CODE_SIGN_IDENTITY = "iPhone Developer";
				COPY_PHASE_STRIP = NO;
				DEBUG_INFORMATION_FORMAT = dwarf;
				ENABLE_STRICT_OBJC_MSGSEND = YES;
				ENABLE_TESTABILITY = YES;
				GCC_C_LANGUAGE_STANDARD = gnu11;
				GCC_DYNAMIC_NO_PIC = NO;
				GCC_NO_COMMON_BLOCKS = YES;
				GCC_OPTIMIZATION_LEVEL = 0;
				GCC_PREPROCESSOR_DEFINITIONS = (
					"DEBUG=1",
					"$(inherited)",
				);
				GCC_WARN_64_TO_32_BIT_CONVERSION = YES;
				GCC_WARN_ABOUT_RETURN_TYPE = YES_ERROR;
				GCC_WARN_UNDECLARED_SELECTOR = YES;
				GCC_WARN_UNINITIALIZED_AUTOS = YES_AGGRESSIVE;
				GCC_WARN_UNUSED_FUNCTION = YES;
				GCC_WARN_UNUSED_VARIABLE = YES;
				IPHONEOS_DEPLOYMENT_TARGET = 12.1;
				MTL_ENABLE_DEBUG_INFO = INCLUDE_SOURCE;
				MTL_FAST_MATH = YES;
				ONLY_ACTIVE_ARCH = YES;
				SDKROOT = iphoneos;
				SWIFT_ACTIVE_COMPILATION_CONDITIONS = DEBUG;
				SWIFT_OPTIMIZATION_LEVEL = "-Onone";
			};
			name = Debug;
		};
		89EF06FA22482BF50048D4CC /* Release */ = {
			isa = XCBuildConfiguration;
			buildSettings = {
				ALWAYS_SEARCH_USER_PATHS = NO;
				CLANG_ANALYZER_NONNULL = YES;
				CLANG_ANALYZER_NUMBER_OBJECT_CONVERSION = YES_AGGRESSIVE;
				CLANG_CXX_LANGUAGE_STANDARD = "gnu++14";
				CLANG_CXX_LIBRARY = "libc++";
				CLANG_ENABLE_MODULES = YES;
				CLANG_ENABLE_OBJC_ARC = YES;
				CLANG_ENABLE_OBJC_WEAK = YES;
				CLANG_WARN_BLOCK_CAPTURE_AUTORELEASING = YES;
				CLANG_WARN_BOOL_CONVERSION = YES;
				CLANG_WARN_COMMA = YES;
				CLANG_WARN_CONSTANT_CONVERSION = YES;
				CLANG_WARN_DEPRECATED_OBJC_IMPLEMENTATIONS = YES;
				CLANG_WARN_DIRECT_OBJC_ISA_USAGE = YES_ERROR;
				CLANG_WARN_DOCUMENTATION_COMMENTS = YES;
				CLANG_WARN_EMPTY_BODY = YES;
				CLANG_WARN_ENUM_CONVERSION = YES;
				CLANG_WARN_INFINITE_RECURSION = YES;
				CLANG_WARN_INT_CONVERSION = YES;
				CLANG_WARN_NON_LITERAL_NULL_CONVERSION = YES;
				CLANG_WARN_OBJC_IMPLICIT_RETAIN_SELF = YES;
				CLANG_WARN_OBJC_LITERAL_CONVERSION = YES;
				CLANG_WARN_OBJC_ROOT_CLASS = YES_ERROR;
				CLANG_WARN_RANGE_LOOP_ANALYSIS = YES;
				CLANG_WARN_STRICT_PROTOTYPES = YES;
				CLANG_WARN_SUSPICIOUS_MOVE = YES;
				CLANG_WARN_UNGUARDED_AVAILABILITY = YES_AGGRESSIVE;
				CLANG_WARN_UNREACHABLE_CODE = YES;
				CLANG_WARN__DUPLICATE_METHOD_MATCH = YES;
				CODE_SIGN_IDENTITY = "iPhone Developer";
				COPY_PHASE_STRIP = NO;
				DEBUG_INFORMATION_FORMAT = "dwarf-with-dsym";
				ENABLE_NS_ASSERTIONS = NO;
				ENABLE_STRICT_OBJC_MSGSEND = YES;
				GCC_C_LANGUAGE_STANDARD = gnu11;
				GCC_NO_COMMON_BLOCKS = YES;
				GCC_WARN_64_TO_32_BIT_CONVERSION = YES;
				GCC_WARN_ABOUT_RETURN_TYPE = YES_ERROR;
				GCC_WARN_UNDECLARED_SELECTOR = YES;
				GCC_WARN_UNINITIALIZED_AUTOS = YES_AGGRESSIVE;
				GCC_WARN_UNUSED_FUNCTION = YES;
				GCC_WARN_UNUSED_VARIABLE = YES;
				IPHONEOS_DEPLOYMENT_TARGET = 12.1;
				MTL_ENABLE_DEBUG_INFO = NO;
				MTL_FAST_MATH = YES;
				SDKROOT = iphoneos;
				SWIFT_COMPILATION_MODE = wholemodule;
				SWIFT_OPTIMIZATION_LEVEL = "-O";
				VALIDATE_PRODUCT = YES;
			};
			name = Release;
		};
		89EF06FC22482BF50048D4CC /* Debug */ = {
			isa = XCBuildConfiguration;
			buildSettings = {
				ASSETCATALOG_COMPILER_APPICON_NAME = AppIcon;
				CODE_SIGN_STYLE = Automatic;
				DEVELOPMENT_TEAM = P68YHZQ8C9;
				FRAMEWORK_SEARCH_PATHS = (
					"$(inherited)",
					"$(PROJECT_DIR)/Carthage/Build/iOS",
				);
				INFOPLIST_FILE = LiveChessViewer/Info.plist;
				LD_RUNPATH_SEARCH_PATHS = (
					"$(inherited)",
					"@executable_path/Frameworks",
				);
				PRODUCT_BUNDLE_IDENTIFIER = com.dalkire.LiveChessViewer;
				PRODUCT_NAME = "$(TARGET_NAME)";
				SWIFT_VERSION = 4.2;
				TARGETED_DEVICE_FAMILY = "1,2";
			};
			name = Debug;
		};
		89EF06FD22482BF50048D4CC /* Release */ = {
			isa = XCBuildConfiguration;
			buildSettings = {
				ASSETCATALOG_COMPILER_APPICON_NAME = AppIcon;
				CODE_SIGN_STYLE = Automatic;
				DEVELOPMENT_TEAM = P68YHZQ8C9;
				FRAMEWORK_SEARCH_PATHS = (
					"$(inherited)",
					"$(PROJECT_DIR)/Carthage/Build/iOS",
				);
				INFOPLIST_FILE = LiveChessViewer/Info.plist;
				LD_RUNPATH_SEARCH_PATHS = (
					"$(inherited)",
					"@executable_path/Frameworks",
				);
				PRODUCT_BUNDLE_IDENTIFIER = com.dalkire.LiveChessViewer;
				PRODUCT_NAME = "$(TARGET_NAME)";
				SWIFT_VERSION = 4.2;
				TARGETED_DEVICE_FAMILY = "1,2";
			};
			name = Release;
		};
/* End XCBuildConfiguration section */

/* Begin XCConfigurationList section */
		89EF06E222482BF20048D4CC /* Build configuration list for PBXProject "LiveChessViewer" */ = {
			isa = XCConfigurationList;
			buildConfigurations = (
				89EF06F922482BF50048D4CC /* Debug */,
				89EF06FA22482BF50048D4CC /* Release */,
			);
			defaultConfigurationIsVisible = 0;
			defaultConfigurationName = Release;
		};
		89EF06FB22482BF50048D4CC /* Build configuration list for PBXNativeTarget "LiveChessViewer" */ = {
			isa = XCConfigurationList;
			buildConfigurations = (
				89EF06FC22482BF50048D4CC /* Debug */,
				89EF06FD22482BF50048D4CC /* Release */,
			);
			defaultConfigurationIsVisible = 0;
			defaultConfigurationName = Release;
		};
/* End XCConfigurationList section */
	};
	rootObject = 89EF06DF22482BF20048D4CC /* Project object */;
}
